// !$*UTF8*$!
{
	archiveVersion = 1;
	classes = {
	};
	objectVersion = 46;
	objects = {

/* Begin PBXBuildFile section */
		9E403C6317399F2000A0D406 /* UIKit.framework in Frameworks */ = {isa = PBXBuildFile; fileRef = 9E403C6217399F2000A0D406 /* UIKit.framework */; };
		9E403C6517399F2000A0D406 /* Foundation.framework in Frameworks */ = {isa = PBXBuildFile; fileRef = 9E403C6417399F2000A0D406 /* Foundation.framework */; };
		9E403C6717399F2000A0D406 /* CoreGraphics.framework in Frameworks */ = {isa = PBXBuildFile; fileRef = 9E403C6617399F2000A0D406 /* CoreGraphics.framework */; };
		9E403C6917399F2000A0D406 /* CoreData.framework in Frameworks */ = {isa = PBXBuildFile; fileRef = 9E403C6817399F2000A0D406 /* CoreData.framework */; };
		9E403C6F17399F2000A0D406 /* InfoPlist.strings in Resources */ = {isa = PBXBuildFile; fileRef = 9E403C6D17399F2000A0D406 /* InfoPlist.strings */; };
		9E403C7117399F2000A0D406 /* main.m in Sources */ = {isa = PBXBuildFile; fileRef = 9E403C7017399F2000A0D406 /* main.m */; };
		9E403C7517399F2000A0D406 /* AppDelegate.m in Sources */ = {isa = PBXBuildFile; fileRef = 9E403C7417399F2000A0D406 /* AppDelegate.m */; };
		9E403C7717399F2000A0D406 /* Default.png in Resources */ = {isa = PBXBuildFile; fileRef = 9E403C7617399F2000A0D406 /* Default.png */; };
		9E403C7917399F2000A0D406 /* Default@2x.png in Resources */ = {isa = PBXBuildFile; fileRef = 9E403C7817399F2000A0D406 /* Default@2x.png */; };
		9E403C7B17399F2000A0D406 /* Default-568h@2x.png in Resources */ = {isa = PBXBuildFile; fileRef = 9E403C7A17399F2000A0D406 /* Default-568h@2x.png */; };
		9E403C7E17399F2000A0D406 /* MainStoryboard.storyboard in Resources */ = {isa = PBXBuildFile; fileRef = 9E403C7C17399F2000A0D406 /* MainStoryboard.storyboard */; };
		9E403C8117399F2000A0D406 /* Inspections.xcdatamodeld in Sources */ = {isa = PBXBuildFile; fileRef = 9E403C7F17399F2000A0D406 /* Inspections.xcdatamodeld */; };
		9E403C8417399F2000A0D406 /* MasterViewController.m in Sources */ = {isa = PBXBuildFile; fileRef = 9E403C8317399F2000A0D406 /* MasterViewController.m */; };
		9E403C8717399F2000A0D406 /* DetailViewController.m in Sources */ = {isa = PBXBuildFile; fileRef = 9E403C8617399F2000A0D406 /* DetailViewController.m */; };
/* End PBXBuildFile section */

/* Begin PBXFileReference section */
		9E403C5F17399F2000A0D406 /* Inspections.app */ = {isa = PBXFileReference; explicitFileType = wrapper.application; includeInIndex = 0; path = Inspections.app; sourceTree = BUILT_PRODUCTS_DIR; };
		9E403C6217399F2000A0D406 /* UIKit.framework */ = {isa = PBXFileReference; lastKnownFileType = wrapper.framework; name = UIKit.framework; path = System/Library/Frameworks/UIKit.framework; sourceTree = SDKROOT; };
		9E403C6417399F2000A0D406 /* Foundation.framework */ = {isa = PBXFileReference; lastKnownFileType = wrapper.framework; name = Foundation.framework; path = System/Library/Frameworks/Foundation.framework; sourceTree = SDKROOT; };
		9E403C6617399F2000A0D406 /* CoreGraphics.framework */ = {isa = PBXFileReference; lastKnownFileType = wrapper.framework; name = CoreGraphics.framework; path = System/Library/Frameworks/CoreGraphics.framework; sourceTree = SDKROOT; };
		9E403C6817399F2000A0D406 /* CoreData.framework */ = {isa = PBXFileReference; lastKnownFileType = wrapper.framework; name = CoreData.framework; path = System/Library/Frameworks/CoreData.framework; sourceTree = SDKROOT; };
		9E403C6C17399F2000A0D406 /* Inspections-Info.plist */ = {isa = PBXFileReference; lastKnownFileType = text.plist.xml; path = "Inspections-Info.plist"; sourceTree = "<group>"; };
		9E403C6E17399F2000A0D406 /* en */ = {isa = PBXFileReference; lastKnownFileType = text.plist.strings; name = en; path = en.lproj/InfoPlist.strings; sourceTree = "<group>"; };
		9E403C7017399F2000A0D406 /* main.m */ = {isa = PBXFileReference; lastKnownFileType = sourcecode.c.objc; path = main.m; sourceTree = "<group>"; };
		9E403C7217399F2000A0D406 /* Inspections-Prefix.pch */ = {isa = PBXFileReference; lastKnownFileType = sourcecode.c.h; path = "Inspections-Prefix.pch"; sourceTree = "<group>"; };
		9E403C7317399F2000A0D406 /* AppDelegate.h */ = {isa = PBXFileReference; lastKnownFileType = sourcecode.c.h; path = AppDelegate.h; sourceTree = "<group>"; };
		9E403C7417399F2000A0D406 /* AppDelegate.m */ = {isa = PBXFileReference; lastKnownFileType = sourcecode.c.objc; path = AppDelegate.m; sourceTree = "<group>"; };
		9E403C7617399F2000A0D406 /* Default.png */ = {isa = PBXFileReference; lastKnownFileType = image.png; path = Default.png; sourceTree = "<group>"; };
		9E403C7817399F2000A0D406 /* Default@2x.png */ = {isa = PBXFileReference; lastKnownFileType = image.png; path = "Default@2x.png"; sourceTree = "<group>"; };
		9E403C7A17399F2000A0D406 /* Default-568h@2x.png */ = {isa = PBXFileReference; lastKnownFileType = image.png; path = "Default-568h@2x.png"; sourceTree = "<group>"; };
		9E403C7D17399F2000A0D406 /* en */ = {isa = PBXFileReference; lastKnownFileType = file.storyboard; name = en; path = en.lproj/MainStoryboard.storyboard; sourceTree = "<group>"; };
		9E403C8017399F2000A0D406 /* Inspections.xcdatamodel */ = {isa = PBXFileReference; lastKnownFileType = wrapper.xcdatamodel; path = Inspections.xcdatamodel; sourceTree = "<group>"; };
		9E403C8217399F2000A0D406 /* MasterViewController.h */ = {isa = PBXFileReference; lastKnownFileType = sourcecode.c.h; path = MasterViewController.h; sourceTree = "<group>"; };
		9E403C8317399F2000A0D406 /* MasterViewController.m */ = {isa = PBXFileReference; lastKnownFileType = sourcecode.c.objc; path = MasterViewController.m; sourceTree = "<group>"; };
		9E403C8517399F2000A0D406 /* DetailViewController.h */ = {isa = PBXFileReference; lastKnownFileType = sourcecode.c.h; path = DetailViewController.h; sourceTree = "<group>"; };
		9E403C8617399F2000A0D406 /* DetailViewController.m */ = {isa = PBXFileReference; lastKnownFileType = sourcecode.c.objc; path = DetailViewController.m; sourceTree = "<group>"; };
/* End PBXFileReference section */

/* Begin PBXFrameworksBuildPhase section */
		9E403C5C17399F2000A0D406 /* Frameworks */ = {
			isa = PBXFrameworksBuildPhase;
			buildActionMask = 2147483647;
			files = (
				9E403C6317399F2000A0D406 /* UIKit.framework in Frameworks */,
				9E403C6517399F2000A0D406 /* Foundation.framework in Frameworks */,
				9E403C6717399F2000A0D406 /* CoreGraphics.framework in Frameworks */,
				9E403C6917399F2000A0D406 /* CoreData.framework in Frameworks */,
			);
			runOnlyForDeploymentPostprocessing = 0;
		};
/* End PBXFrameworksBuildPhase section */

/* Begin PBXGroup section */
		9E403C5617399F1F00A0D406 = {
			isa = PBXGroup;
			children = (
				9E403C6A17399F2000A0D406 /* Inspections */,
				9E403C6117399F2000A0D406 /* Frameworks */,
				9E403C6017399F2000A0D406 /* Products */,
			);
			sourceTree = "<group>";
		};
		9E403C6017399F2000A0D406 /* Products */ = {
			isa = PBXGroup;
			children = (
				9E403C5F17399F2000A0D406 /* Inspections.app */,
			);
			name = Products;
			sourceTree = "<group>";
		};
		9E403C6117399F2000A0D406 /* Frameworks */ = {
			isa = PBXGroup;
			children = (
				9E403C6217399F2000A0D406 /* UIKit.framework */,
				9E403C6417399F2000A0D406 /* Foundation.framework */,
				9E403C6617399F2000A0D406 /* CoreGraphics.framework */,
				9E403C6817399F2000A0D406 /* CoreData.framework */,
			);
			name = Frameworks;
			sourceTree = "<group>";
		};
		9E403C6A17399F2000A0D406 /* Inspections */ = {
			isa = PBXGroup;
			children = (
				9E403C7317399F2000A0D406 /* AppDelegate.h */,
				9E403C7417399F2000A0D406 /* AppDelegate.m */,
				9E403C7C17399F2000A0D406 /* MainStoryboard.storyboard */,
				9E403C8217399F2000A0D406 /* MasterViewController.h */,
				9E403C8317399F2000A0D406 /* MasterViewController.m */,
				9E403C8517399F2000A0D406 /* DetailViewController.h */,
				9E403C8617399F2000A0D406 /* DetailViewController.m */,
				9E403C7F17399F2000A0D406 /* Inspections.xcdatamodeld */,
				9E403C6B17399F2000A0D406 /* Supporting Files */,
			);
			path = Inspections;
			sourceTree = "<group>";
		};
		9E403C6B17399F2000A0D406 /* Supporting Files */ = {
			isa = PBXGroup;
			children = (
				9E403C6C17399F2000A0D406 /* Inspections-Info.plist */,
				9E403C6D17399F2000A0D406 /* InfoPlist.strings */,
				9E403C7017399F2000A0D406 /* main.m */,
				9E403C7217399F2000A0D406 /* Inspections-Prefix.pch */,
				9E403C7617399F2000A0D406 /* Default.png */,
				9E403C7817399F2000A0D406 /* Default@2x.png */,
				9E403C7A17399F2000A0D406 /* Default-568h@2x.png */,
			);
			name = "Supporting Files";
			sourceTree = "<group>";
		};
/* End PBXGroup section */

/* Begin PBXNativeTarget section */
		9E403C5E17399F2000A0D406 /* Inspections */ = {
			isa = PBXNativeTarget;
			buildConfigurationList = 9E403C8A17399F2000A0D406 /* Build configuration list for PBXNativeTarget "Inspections" */;
			buildPhases = (
				9E403C5B17399F2000A0D406 /* Sources */,
				9E403C5C17399F2000A0D406 /* Frameworks */,
				9E403C5D17399F2000A0D406 /* Resources */,
			);
			buildRules = (
			);
			dependencies = (
			);
			name = Inspections;
			productName = Inspections;
			productReference = 9E403C5F17399F2000A0D406 /* Inspections.app */;
			productType = "com.apple.product-type.application";
		};
/* End PBXNativeTarget section */

/* Begin PBXProject section */
		9E403C5717399F2000A0D406 /* Project object */ = {
			isa = PBXProject;
			attributes = {
				LastUpgradeCheck = 0460;
				ORGANIZATIONNAME = "Rera Inc.";
			};
			buildConfigurationList = 9E403C5A17399F2000A0D406 /* Build configuration list for PBXProject "Inspections" */;
			compatibilityVersion = "Xcode 3.2";
			developmentRegion = English;
			hasScannedForEncodings = 0;
			knownRegions = (
				en,
			);
			mainGroup = 9E403C5617399F1F00A0D406;
			productRefGroup = 9E403C6017399F2000A0D406 /* Products */;
			projectDirPath = "";
			projectRoot = "";
			targets = (
				9E403C5E17399F2000A0D406 /* Inspections */,
			);
		};
/* End PBXProject section */

/* Begin PBXResourcesBuildPhase section */
		9E403C5D17399F2000A0D406 /* Resources */ = {
			isa = PBXResourcesBuildPhase;
			buildActionMask = 2147483647;
			files = (
				9E403C6F17399F2000A0D406 /* InfoPlist.strings in Resources */,
				9E403C7717399F2000A0D406 /* Default.png in Resources */,
				9E403C7917399F2000A0D406 /* Default@2x.png in Resources */,
				9E403C7B17399F2000A0D406 /* Default-568h@2x.png in Resources */,
				9E403C7E17399F2000A0D406 /* MainStoryboard.storyboard in Resources */,
			);
			runOnlyForDeploymentPostprocessing = 0;
		};
/* End PBXResourcesBuildPhase section */

/* Begin PBXSourcesBuildPhase section */
		9E403C5B17399F2000A0D406 /* Sources */ = {
			isa = PBXSourcesBuildPhase;
			buildActionMask = 2147483647;
			files = (
				9E403C7117399F2000A0D406 /* main.m in Sources */,
				9E403C7517399F2000A0D406 /* AppDelegate.m in Sources */,
				9E403C8117399F2000A0D406 /* Inspections.xcdatamodeld in Sources */,
				9E403C8417399F2000A0D406 /* MasterViewController.m in Sources */,
				9E403C8717399F2000A0D406 /* DetailViewController.m in Sources */,
			);
			runOnlyForDeploymentPostprocessing = 0;
		};
/* End PBXSourcesBuildPhase section */

/* Begin PBXVariantGroup section */
		9E403C6D17399F2000A0D406 /* InfoPlist.strings */ = {
			isa = PBXVariantGroup;
			children = (
				9E403C6E17399F2000A0D406 /* en */,
			);
			name = InfoPlist.strings;
			sourceTree = "<group>";
		};
		9E403C7C17399F2000A0D406 /* MainStoryboard.storyboard */ = {
			isa = PBXVariantGroup;
			children = (
				9E403C7D17399F2000A0D406 /* en */,
			);
			name = MainStoryboard.storyboard;
			sourceTree = "<group>";
		};
/* End PBXVariantGroup section */

/* Begin XCBuildConfiguration section */
		9E403C8817399F2000A0D406 /* Debug */ = {
			isa = XCBuildConfiguration;
			buildSettings = {
				ALWAYS_SEARCH_USER_PATHS = NO;
				CLANG_CXX_LANGUAGE_STANDARD = "gnu++0x";
				CLANG_CXX_LIBRARY = "libc++";
				CLANG_ENABLE_OBJC_ARC = YES;
				CLANG_WARN_CONSTANT_CONVERSION = YES;
				CLANG_WARN_EMPTY_BODY = YES;
				CLANG_WARN_ENUM_CONVERSION = YES;
				CLANG_WARN_INT_CONVERSION = YES;
				CLANG_WARN__DUPLICATE_METHOD_MATCH = YES;
				"CODE_SIGN_IDENTITY[sdk=iphoneos*]" = "iPhone Developer";
				COPY_PHASE_STRIP = NO;
				GCC_C_LANGUAGE_STANDARD = gnu99;
				GCC_DYNAMIC_NO_PIC = NO;
				GCC_OPTIMIZATION_LEVEL = 0;
				GCC_PREPROCESSOR_DEFINITIONS = (
					"DEBUG=1",
					"$(inherited)",
				);
				GCC_SYMBOLS_PRIVATE_EXTERN = NO;
				GCC_WARN_ABOUT_RETURN_TYPE = YES;
				GCC_WARN_UNINITIALIZED_AUTOS = YES;
				GCC_WARN_UNUSED_VARIABLE = YES;
				IPHONEOS_DEPLOYMENT_TARGET = 6.1;
				ONLY_ACTIVE_ARCH = YES;
				SDKROOT = iphoneos;
				TARGETED_DEVICE_FAMILY = 2;
			};
			name = Debug;
		};
		9E403C8917399F2000A0D406 /* Release */ = {
			isa = XCBuildConfiguration;
			buildSettings = {
				ALWAYS_SEARCH_USER_PATHS = NO;
				CLANG_CXX_LANGUAGE_STANDARD = "gnu++0x";
				CLANG_CXX_LIBRARY = "libc++";
				CLANG_ENABLE_OBJC_ARC = YES;
				CLANG_WARN_CONSTANT_CONVERSION = YES;
				CLANG_WARN_EMPTY_BODY = YES;
				CLANG_WARN_ENUM_CONVERSION = YES;
				CLANG_WARN_INT_CONVERSION = YES;
				CLANG_WARN__DUPLICATE_METHOD_MATCH = YES;
				"CODE_SIGN_IDENTITY[sdk=iphoneos*]" = "iPhone Developer";
				COPY_PHASE_STRIP = YES;
				GCC_C_LANGUAGE_STANDARD = gnu99;
				GCC_WARN_ABOUT_RETURN_TYPE = YES;
				GCC_WARN_UNINITIALIZED_AUTOS = YES;
				GCC_WARN_UNUSED_VARIABLE = YES;
				IPHONEOS_DEPLOYMENT_TARGET = 6.1;
				OTHER_CFLAGS = "-DNS_BLOCK_ASSERTIONS=1";
				SDKROOT = iphoneos;
				TARGETED_DEVICE_FAMILY = 2;
				VALIDATE_PRODUCT = YES;
			};
			name = Release;
		};
		9E403C8B17399F2000A0D406 /* Debug */ = {
			isa = XCBuildConfiguration;
			buildSettings = {
				GCC_PRECOMPILE_PREFIX_HEADER = YES;
				GCC_PREFIX_HEADER = "Inspections/Inspections-Prefix.pch";
				INFOPLIST_FILE = "Inspections/Inspections-Info.plist";
				PRODUCT_NAME = "$(TARGET_NAME)";
				WRAPPER_EXTENSION = app;
			};
			name = Debug;
		};
		9E403C8C17399F2000A0D406 /* Release */ = {
			isa = XCBuildConfiguration;
			buildSettings = {
				GCC_PRECOMPILE_PREFIX_HEADER = YES;
				GCC_PREFIX_HEADER = "Inspections/Inspections-Prefix.pch";
				INFOPLIST_FILE = "Inspections/Inspections-Info.plist";
				PRODUCT_NAME = "$(TARGET_NAME)";
				WRAPPER_EXTENSION = app;
			};
			name = Release;
		};
/* End XCBuildConfiguration section */

/* Begin XCConfigurationList section */
		9E403C5A17399F2000A0D406 /* Build configuration list for PBXProject "Inspections" */ = {
			isa = XCConfigurationList;
			buildConfigurations = (
				9E403C8817399F2000A0D406 /* Debug */,
				9E403C8917399F2000A0D406 /* Release */,
			);
			defaultConfigurationIsVisible = 0;
			defaultConfigurationName = Release;
		};
		9E403C8A17399F2000A0D406 /* Build configuration list for PBXNativeTarget "Inspections" */ = {
			isa = XCConfigurationList;
			buildConfigurations = (
				9E403C8B17399F2000A0D406 /* Debug */,
				9E403C8C17399F2000A0D406 /* Release */,
			);
			defaultConfigurationIsVisible = 0;
		};
/* End XCConfigurationList section */

/* Begin XCVersionGroup section */
		9E403C7F17399F2000A0D406 /* Inspections.xcdatamodeld */ = {
			isa = XCVersionGroup;
			children = (
				9E403C8017399F2000A0D406 /* Inspections.xcdatamodel */,
			);
			currentVersion = 9E403C8017399F2000A0D406 /* Inspections.xcdatamodel */;
			path = Inspections.xcdatamodeld;
			sourceTree = "<group>";
			versionGroupType = wrapper.xcdatamodel;
		};
/* End XCVersionGroup section */
	};
	rootObject = 9E403C5717399F2000A0D406 /* Project object */;
}
